{
    "_readme": [
        "This file locks the dependencies of your project to a known state",
        "Read more about it at https://getcomposer.org/doc/01-basic-usage.md#installing-dependencies",
        "This file is @generated automatically"
    ],
    "content-hash": "7b79f30b326f9c113977b140ce1554d2",
    "packages": [
        {
            "name": "basmilius/columba",
            "version": "dev-master",
            "source": {
                "type": "git",
                "url": "https://github.com/basmilius/Columba.git",
                "reference": "d2c7b82f8c16cccbdeb108c281435cd0c616df05"
            },
            "dist": {
                "type": "zip",
                "url": "https://api.github.com/repos/basmilius/Columba/zipball/d2c7b82f8c16cccbdeb108c281435cd0c616df05",
                "reference": "d2c7b82f8c16cccbdeb108c281435cd0c616df05",
                "shasum": ""
            },
            "require": {
                "ext-curl": "*",
                "ext-dom": "*",
                "ext-gd": "*",
                "ext-intl": "*",
                "ext-json": "*",
                "ext-openssl": "*",
                "ext-simplexml": "*"
            },
            "default-branch": true,
            "type": "library",
            "autoload": {
                "files": [
                    "src/Columba/Database/Query/Builder/functions.php",
                    "src/Columba/Util/functions.php"
                ],
                "psr-4": {
                    "Columba\\": "src/Columba"
                }
            },
            "license": [
                "MIT"
            ],
            "authors": [
                {
                    "name": "Bas Milius",
                    "email": "bas@mili.us"
                }
            ],
            "description": "Stuff that I personally use a lot in other projects.",
            "support": {
                "source": "https://github.com/basmilius/Columba/tree/master",
                "issues": "https://github.com/basmilius/Columba/issues"
            },
            "time": "2020-12-04T07:57:41+00:00"
        },
        {
            "name": "filp/whoops",
            "version": "2.9.1",
            "source": {
                "type": "git",
                "url": "https://github.com/filp/whoops.git",
                "reference": "307fb34a5ab697461ec4c9db865b20ff2fd40771"
            },
            "dist": {
                "type": "zip",
                "url": "https://api.github.com/repos/filp/whoops/zipball/307fb34a5ab697461ec4c9db865b20ff2fd40771",
                "reference": "307fb34a5ab697461ec4c9db865b20ff2fd40771",
                "shasum": ""
            },
            "require": {
                "php": "^5.5.9 || ^7.0 || ^8.0",
                "psr/log": "^1.0.1"
            },
            "require-dev": {
                "mockery/mockery": "^0.9 || ^1.0",
                "phpunit/phpunit": "^4.8.36 || ^5.7.27 || ^6.5.14 || ^7.5.20 || ^8.5.8 || ^9.3.3",
                "symfony/var-dumper": "^2.6 || ^3.0 || ^4.0 || ^5.0"
            },
            "suggest": {
                "symfony/var-dumper": "Pretty print complex values better with var-dumper available",
                "whoops/soap": "Formats errors as SOAP responses"
            },
            "type": "library",
            "extra": {
                "branch-alias": {
                    "dev-master": "2.7-dev"
                }
            },
            "autoload": {
                "psr-4": {
                    "Whoops\\": "src/Whoops/"
                }
            },
            "notification-url": "https://packagist.org/downloads/",
            "license": [
                "MIT"
            ],
            "authors": [
                {
                    "name": "Filipe Dobreira",
                    "homepage": "https://github.com/filp",
                    "role": "Developer"
                }
            ],
            "description": "php error handling for cool kids",
            "homepage": "https://filp.github.io/whoops/",
            "keywords": [
                "error",
                "exception",
                "handling",
                "library",
                "throwable",
                "whoops"
            ],
            "support": {
                "issues": "https://github.com/filp/whoops/issues",
                "source": "https://github.com/filp/whoops/tree/2.9.1"
            },
            "time": "2020-11-01T12:00:00+00:00"
        },
        {
            "name": "jetbrains/phpstorm-attributes",
            "version": "1.0",
            "source": {
                "type": "git",
                "url": "https://github.com/JetBrains/phpstorm-attributes.git",
                "reference": "a7a83ae5df4dd3c0875484483de19de8edf60a9f"
            },
            "dist": {
                "type": "zip",
                "url": "https://api.github.com/repos/JetBrains/phpstorm-attributes/zipball/a7a83ae5df4dd3c0875484483de19de8edf60a9f",
                "reference": "a7a83ae5df4dd3c0875484483de19de8edf60a9f",
                "shasum": ""
            },
            "type": "library",
            "autoload": {
                "psr-4": {
                    "JetBrains\\PhpStorm\\": "src/"
                }
            },
            "notification-url": "https://packagist.org/downloads/",
            "license": [
                "Apache-2.0"
            ],
            "authors": [
                {
                    "name": "JetBrains",
                    "homepage": "https://www.jetbrains.com"
                }
            ],
            "description": "PhpStorm specific attributes",
            "keywords": [
                "attributes",
                "jetbrains",
                "phpstorm"
            ],
            "support": {
                "issues": "https://youtrack.jetbrains.com/newIssue?project=WI",
                "source": "https://github.com/JetBrains/phpstorm-attributes/tree/1.0"
            },
            "time": "2020-11-17T11:09:47+00:00"
        },
        {
            "name": "psr/log",
            "version": "1.1.3",
            "source": {
                "type": "git",
                "url": "https://github.com/php-fig/log.git",
                "reference": "0f73288fd15629204f9d42b7055f72dacbe811fc"
            },
            "dist": {
                "type": "zip",
                "url": "https://api.github.com/repos/php-fig/log/zipball/0f73288fd15629204f9d42b7055f72dacbe811fc",
                "reference": "0f73288fd15629204f9d42b7055f72dacbe811fc",
                "shasum": ""
            },
            "require": {
                "php": ">=5.3.0"
            },
            "type": "library",
            "extra": {
                "branch-alias": {
                    "dev-master": "1.1.x-dev"
                }
            },
            "autoload": {
                "psr-4": {
                    "Psr\\Log\\": "Psr/Log/"
                }
            },
            "notification-url": "https://packagist.org/downloads/",
            "license": [
                "MIT"
            ],
            "authors": [
                {
                    "name": "PHP-FIG",
                    "homepage": "http://www.php-fig.org/"
                }
            ],
            "description": "Common interface for logging libraries",
            "homepage": "https://github.com/php-fig/log",
            "keywords": [
                "log",
                "psr",
                "psr-3"
            ],
            "support": {
                "source": "https://github.com/php-fig/log/tree/1.1.3"
            },
            "time": "2020-03-23T09:12:05+00:00"
        },
        {
            "name": "raxos/database",
            "version": "dev-master",
            "source": {
                "type": "git",
                "url": "https://github.com/basmilius/raxos-database.git",
                "reference": "c57fd2f2cb10ad36fa896cb955a9e775e685205b"
            },
            "dist": {
                "type": "zip",
                "url": "https://api.github.com/repos/basmilius/raxos-database/zipball/c57fd2f2cb10ad36fa896cb955a9e775e685205b",
                "reference": "c57fd2f2cb10ad36fa896cb955a9e775e685205b",
                "shasum": ""
            },
            "require": {
                "jetbrains/phpstorm-attributes": "^1.0",
                "raxos/foundation": "dev-master"
            },
            "default-branch": true,
            "type": "library",
            "autoload": {
                "psr-4": {
                    "Raxos\\Database\\": "src/Raxos/Database"
                }
            },
            "notification-url": "https://packagist.org/downloads/",
            "license": [
                "mit"
            ],
            "authors": [
                {
                    "name": "Bas Milius",
                    "email": "bas@mili.us"
                }
            ],
            "description": "Database ORM and Query Builder.",
            "support": {
                "issues": "https://github.com/basmilius/raxos-database/issues",
                "source": "https://github.com/basmilius/raxos-database/tree/master"
            },
            "time": "2020-12-07T17:43:36+00:00"
        },
        {
            "name": "raxos/foundation",
            "version": "dev-master",
            "source": {
                "type": "git",
                "url": "https://github.com/basmilius/raxos-foundation.git",
                "reference": "30500f989f16f6ceaa90060f85fc1fe7c8843b09"
            },
            "dist": {
                "type": "zip",
                "url": "https://api.github.com/repos/basmilius/raxos-foundation/zipball/30500f989f16f6ceaa90060f85fc1fe7c8843b09",
                "reference": "30500f989f16f6ceaa90060f85fc1fe7c8843b09",
                "shasum": ""
            },
            "require": {
                "jetbrains/phpstorm-attributes": "^1.0"
            },
            "default-branch": true,
            "type": "library",
            "autoload": {
                "psr-4": {
                    "Raxos\\Foundation\\": "src/Raxos/Foundation"
                }
            },
            "notification-url": "https://packagist.org/downloads/",
            "license": [
                "mit"
            ],
            "authors": [
                {
                    "name": "Bas Milius",
                    "email": "bas@mili.us"
                }
            ],
            "description": "Base stuff for all Raxos libraries.",
            "support": {
                "issues": "https://github.com/basmilius/raxos-foundation/issues",
                "source": "https://github.com/basmilius/raxos-foundation/tree/master"
            },
            "time": "2020-12-05T19:20:27+00:00"
        },
        {
            "name": "raxos/http",
            "version": "dev-master",
            "source": {
                "type": "git",
                "url": "https://github.com/basmilius/raxos-http.git",
                "reference": "c69feaade9fe476d6aac079b108f4b53bf489a65"
            },
            "dist": {
                "type": "zip",
                "url": "https://api.github.com/repos/basmilius/raxos-http/zipball/c69feaade9fe476d6aac079b108f4b53bf489a65",
                "reference": "c69feaade9fe476d6aac079b108f4b53bf489a65",
                "shasum": ""
            },
            "require": {
                "jetbrains/phpstorm-attributes": "^1.0",
                "raxos/foundation": "dev-master"
            },
            "default-branch": true,
            "type": "library",
            "autoload": {
                "psr-4": {
                    "Raxos\\Http\\": "src/Raxos/Http"
                }
            },
            "notification-url": "https://packagist.org/downloads/",
            "license": [
                "mit"
            ],
            "authors": [
                {
                    "name": "Bas Milius",
                    "email": "bas@mili.us"
                }
            ],
            "description": "Http client and foundation.",
            "support": {
                "issues": "https://github.com/basmilius/raxos-http/issues",
                "source": "https://github.com/basmilius/raxos-http/tree/master"
            },
            "time": "2021-01-11T16:41:28+00:00"
        },
        {
            "name": "raxos/router",
            "version": "dev-master",
            "source": {
                "type": "git",
                "url": "https://github.com/basmilius/raxos-router.git",
                "reference": "3a3f31936b67feed9628ec41b8ae6a38bbcd2fb1"
            },
            "dist": {
                "type": "zip",
                "url": "https://api.github.com/repos/basmilius/raxos-router/zipball/3a3f31936b67feed9628ec41b8ae6a38bbcd2fb1",
                "reference": "3a3f31936b67feed9628ec41b8ae6a38bbcd2fb1",
                "shasum": ""
            },
            "require": {
                "ext-json": "*",
                "jetbrains/phpstorm-attributes": "^1.0",
                "raxos/foundation": "dev-master",
                "raxos/http": "dev-master"
            },
            "default-branch": true,
            "type": "library",
            "autoload": {
                "psr-4": {
                    "Raxos\\Router\\": "src/Raxos/Router"
                }
            },
            "notification-url": "https://packagist.org/downloads/",
            "license": [
                "mit"
            ],
            "authors": [
                {
                    "name": "Bas Milius",
                    "email": "bas@mili.us"
                }
            ],
            "description": "A fast and simple router, built with php attributes.",
            "support": {
                "issues": "https://github.com/basmilius/raxos-router/issues",
                "source": "https://github.com/basmilius/raxos-router/tree/master"
            },
            "time": "2021-01-11T16:41:38+00:00"
        },
        {
            "name": "symfony/polyfill-ctype",
            "version": "v1.22.0",
            "source": {
                "type": "git",
                "url": "https://github.com/symfony/polyfill-ctype.git",
                "reference": "c6c942b1ac76c82448322025e084cadc56048b4e"
            },
            "dist": {
                "type": "zip",
                "url": "https://api.github.com/repos/symfony/polyfill-ctype/zipball/c6c942b1ac76c82448322025e084cadc56048b4e",
                "reference": "c6c942b1ac76c82448322025e084cadc56048b4e",
                "shasum": ""
            },
            "require": {
                "php": ">=7.1"
            },
            "suggest": {
                "ext-ctype": "For best performance"
            },
            "type": "library",
            "extra": {
                "branch-alias": {
                    "dev-main": "1.22-dev"
                },
                "thanks": {
                    "name": "symfony/polyfill",
                    "url": "https://github.com/symfony/polyfill"
                }
            },
            "autoload": {
                "psr-4": {
                    "Symfony\\Polyfill\\Ctype\\": ""
                },
                "files": [
                    "bootstrap.php"
                ]
            },
            "notification-url": "https://packagist.org/downloads/",
            "license": [
                "MIT"
            ],
            "authors": [
                {
                    "name": "Gert de Pagter",
                    "email": "BackEndTea@gmail.com"
                },
                {
                    "name": "Symfony Community",
                    "homepage": "https://symfony.com/contributors"
                }
            ],
            "description": "Symfony polyfill for ctype functions",
            "homepage": "https://symfony.com",
            "keywords": [
                "compatibility",
                "ctype",
                "polyfill",
                "portable"
            ],
            "support": {
                "source": "https://github.com/symfony/polyfill-ctype/tree/v1.22.0"
            },
            "funding": [
                {
                    "url": "https://symfony.com/sponsor",
                    "type": "custom"
                },
                {
                    "url": "https://github.com/fabpot",
                    "type": "github"
                },
                {
                    "url": "https://tidelift.com/funding/github/packagist/symfony/symfony",
                    "type": "tidelift"
                }
            ],
            "time": "2021-01-07T16:49:33+00:00"
        },
        {
            "name": "symfony/polyfill-mbstring",
            "version": "v1.22.0",
            "source": {
                "type": "git",
                "url": "https://github.com/symfony/polyfill-mbstring.git",
                "reference": "f377a3dd1fde44d37b9831d68dc8dea3ffd28e13"
            },
            "dist": {
                "type": "zip",
                "url": "https://api.github.com/repos/symfony/polyfill-mbstring/zipball/f377a3dd1fde44d37b9831d68dc8dea3ffd28e13",
                "reference": "f377a3dd1fde44d37b9831d68dc8dea3ffd28e13",
                "shasum": ""
            },
            "require": {
                "php": ">=7.1"
            },
            "suggest": {
                "ext-mbstring": "For best performance"
            },
            "type": "library",
            "extra": {
                "branch-alias": {
                    "dev-main": "1.22-dev"
                },
                "thanks": {
                    "name": "symfony/polyfill",
                    "url": "https://github.com/symfony/polyfill"
                }
            },
            "autoload": {
                "psr-4": {
                    "Symfony\\Polyfill\\Mbstring\\": ""
                },
                "files": [
                    "bootstrap.php"
                ]
            },
            "notification-url": "https://packagist.org/downloads/",
            "license": [
                "MIT"
            ],
            "authors": [
                {
                    "name": "Nicolas Grekas",
                    "email": "p@tchwork.com"
                },
                {
                    "name": "Symfony Community",
                    "homepage": "https://symfony.com/contributors"
                }
            ],
            "description": "Symfony polyfill for the Mbstring extension",
            "homepage": "https://symfony.com",
            "keywords": [
                "compatibility",
                "mbstring",
                "polyfill",
                "portable",
                "shim"
            ],
            "support": {
                "source": "https://github.com/symfony/polyfill-mbstring/tree/v1.22.0"
            },
            "funding": [
                {
                    "url": "https://symfony.com/sponsor",
                    "type": "custom"
                },
                {
                    "url": "https://github.com/fabpot",
                    "type": "github"
                },
                {
                    "url": "https://tidelift.com/funding/github/packagist/symfony/symfony",
                    "type": "tidelift"
                }
            ],
            "time": "2021-01-07T16:49:33+00:00"
        },
        {
            "name": "twig/twig",
            "version": "3.x-dev",
            "source": {
                "type": "git",
                "url": "https://github.com/twigphp/Twig.git",
                "reference": "4a47f0f5b4bf2400ed1e3abecb486655e3970cdb"
            },
            "dist": {
                "type": "zip",
                "url": "https://api.github.com/repos/twigphp/Twig/zipball/4a47f0f5b4bf2400ed1e3abecb486655e3970cdb",
                "reference": "4a47f0f5b4bf2400ed1e3abecb486655e3970cdb",
                "shasum": ""
            },
            "require": {
                "php": ">=7.2.5",
                "symfony/polyfill-ctype": "^1.8",
                "symfony/polyfill-mbstring": "^1.3"
            },
            "require-dev": {
                "psr/container": "^1.0",
                "symfony/phpunit-bridge": "^4.4.9|^5.0.9"
            },
            "default-branch": true,
            "type": "library",
            "extra": {
                "branch-alias": {
                    "dev-master": "3.2-dev"
                }
            },
            "autoload": {
                "psr-4": {
                    "Twig\\": "src/"
                }
            },
            "notification-url": "https://packagist.org/downloads/",
            "license": [
                "BSD-3-Clause"
            ],
            "authors": [
                {
                    "name": "Fabien Potencier",
                    "email": "fabien@symfony.com",
                    "homepage": "http://fabien.potencier.org",
                    "role": "Lead Developer"
                },
                {
                    "name": "Twig Team",
                    "role": "Contributors"
                },
                {
                    "name": "Armin Ronacher",
                    "email": "armin.ronacher@active-4.com",
                    "role": "Project Founder"
                }
            ],
            "description": "Twig, the flexible, fast, and secure template language for PHP",
            "homepage": "https://twig.symfony.com",
            "keywords": [
                "templating"
            ],
            "support": {
                "issues": "https://github.com/twigphp/Twig/issues",
                "source": "https://github.com/twigphp/Twig/tree/3.x"
            },
            "funding": [
                {
                    "url": "https://github.com/fabpot",
                    "type": "github"
                },
                {
                    "url": "https://tidelift.com/funding/github/packagist/twig/twig",
                    "type": "tidelift"
                }
            ],
            "time": "2021-01-14T07:57:41+00:00"
        }
    ],
    "packages-dev": [],
    "aliases": [],
    "minimum-stability": "stable",
    "stability-flags": {
        "basmilius/columba": 20,
        "raxos/database": 20,
        "raxos/foundation": 20,
        "raxos/http": 20,
        "raxos/router": 20,
        "twig/twig": 20
    },
    "prefer-stable": false,
    "prefer-lowest": false,
    "platform": [],
    "platform-dev": [],
    "plugin-api-version": "2.0.0"
}
